
Microsoft Visual Studio Solution File, Format Version 12.00
# Visual Studio Version 17
VisualStudioVersion = 17.8.34316.72
MinimumVisualStudioVersion = 10.0.40219.1
Project("{FAE04EC0-301F-11D3-BF4B-00C04F79EFBC}") = "FileOperations", "FileOperations.csproj", "{2571E88F-DD5A-4281-8F38-DA2B377C58F7}"
EndProject
Project("{FAE04EC0-301F-11D3-BF4B-00C04F79EFBC}") = "Tests", "..\Tests\Tests.csproj", "{F8F42554-860D-4379-BA6D-CDE446B2580C}"
	ProjectSection(ProjectDependencies) = postProject
		{2571E88F-DD5A-4281-8F38-DA2B377C58F7} = {2571E88F-DD5A-4281-8F38-DA2B377C58F7}
	EndProjectSection
EndProject
Global
	GlobalSection(SolutionConfigurationPlatforms) = preSolution
		Debug|Any CPU = Debug|Any CPU
		Release|Any CPU = Release|Any CPU
	EndGlobalSection
	GlobalSection(ProjectConfigurationPlatforms) = postSolution
		{2571E88F-DD5A-4281-8F38-DA2B377C58F7}.Debug|Any CPU.ActiveCfg = Debug|Any CPU
		{2571E88F-DD5A-4281-8F38-DA2B377C58F7}.Debug|Any CPU.Build.0 = Debug|Any CPU
		{2571E88F-DD5A-4281-8F38-DA2B377C58F7}.Release|Any CPU.ActiveCfg = Release|Any CPU
		{2571E88F-DD5A-4281-8F38-DA2B377C58F7}.Release|Any CPU.Build.0 = Release|Any CPU
		{F8F42554-860D-4379-BA6D-CDE446B2580C}.Debug|Any CPU.ActiveCfg = Debug|Any CPU
		{F8F42554-860D-4379-BA6D-CDE446B2580C}.Debug|Any CPU.Build.0 = Debug|Any CPU
		{F8F42554-860D-4379-BA6D-CDE446B2580C}.Release|Any CPU.ActiveCfg = Release|Any CPU
		{F8F42554-860D-4379-BA6D-CDE446B2580C}.Release|Any CPU.Build.0 = Release|Any CPU
	EndGlobalSection
	GlobalSection(SolutionProperties) = preSolution
		HideSolutionNode = FALSE
	EndGlobalSection
	GlobalSection(ExtensibilityGlobals) = postSolution
		SolutionGuid = {304C2D79-B4CE-46D4-9BB4-7F407BCD64FB}
	EndGlobalSection
EndGlobal
