
Microsoft Visual Studio Solution File, Format Version 12.00
# Visual Studio Version 17
VisualStudioVersion = 17.8.34316.72
MinimumVisualStudioVersion = 10.0.40219.1
Project("{9A19103F-16F7-4668-BE54-9A1E7A4F7556}") = "1-2", "1-2.csproj", "{ED544485-30E1-4F43-B809-2C88C0032995}"
EndProject
Project("{FAE04EC0-301F-11D3-BF4B-00C04F79EFBC}") = "LukuTestit", "..\LukuTestit\LukuTestit.csproj", "{AFDDEF29-0DA9-480D-B31C-DDB86ECFACA3}"
EndProject
Global
	GlobalSection(SolutionConfigurationPlatforms) = preSolution
		Debug|Any CPU = Debug|Any CPU
		Release|Any CPU = Release|Any CPU
	EndGlobalSection
	GlobalSection(ProjectConfigurationPlatforms) = postSolution
		{ED544485-30E1-4F43-B809-2C88C0032995}.Debug|Any CPU.ActiveCfg = Debug|Any CPU
		{ED544485-30E1-4F43-B809-2C88C0032995}.Debug|Any CPU.Build.0 = Debug|Any CPU
		{ED544485-30E1-4F43-B809-2C88C0032995}.Release|Any CPU.ActiveCfg = Release|Any CPU
		{ED544485-30E1-4F43-B809-2C88C0032995}.Release|Any CPU.Build.0 = Release|Any CPU
		{AFDDEF29-0DA9-480D-B31C-DDB86ECFACA3}.Debug|Any CPU.ActiveCfg = Debug|Any CPU
		{AFDDEF29-0DA9-480D-B31C-DDB86ECFACA3}.Debug|Any CPU.Build.0 = Debug|Any CPU
		{AFDDEF29-0DA9-480D-B31C-DDB86ECFACA3}.Release|Any CPU.ActiveCfg = Release|Any CPU
		{AFDDEF29-0DA9-480D-B31C-DDB86ECFACA3}.Release|Any CPU.Build.0 = Release|Any CPU
	EndGlobalSection
	GlobalSection(SolutionProperties) = preSolution
		HideSolutionNode = FALSE
	EndGlobalSection
	GlobalSection(ExtensibilityGlobals) = postSolution
		SolutionGuid = {6883B4D3-2924-4D54-B9F8-F6445C05B1DD}
	EndGlobalSection
EndGlobal
